
Microsoft Visual Studio Solution File, Format Version 12.00
# Visual Studio Version 16
VisualStudioVersion = 16.0.32002.261
MinimumVisualStudioVersion = 10.0.40219.1
Project("{8BC9CEB8-8B4A-11D0-8D11-00A0C91BC942}") = "Project6", "Project6.vcxproj", "{7C26D37F-D908-43C3-9791-8A015052F730}"
EndProject
Global
	GlobalSection(SolutionConfigurationPlatforms) = preSolution
		Debug|x64 = Debug|x64
		Debug|x86 = Debug|x86
		Release|x64 = Release|x64
		Release|x86 = Release|x86
	EndGlobalSection
	GlobalSection(ProjectConfigurationPlatforms) = postSolution
		{7C26D37F-D908-43C3-9791-8A015052F730}.Debug|x64.ActiveCfg = Debug|x64
		{7C26D37F-D908-43C3-9791-8A015052F730}.Debug|x64.Build.0 = Debug|x64
		{7C26D37F-D908-43C3-9791-8A015052F730}.Debug|x86.ActiveCfg = Debug|Win32
		{7C26D37F-D908-43C3-9791-8A015052F730}.Debug|x86.Build.0 = Debug|Win32
		{7C26D37F-D908-43C3-9791-8A015052F730}.Release|x64.ActiveCfg = Release|x64
		{7C26D37F-D908-43C3-9791-8A015052F730}.Release|x64.Build.0 = Release|x64
		{7C26D37F-D908-43C3-9791-8A015052F730}.Release|x86.ActiveCfg = Release|Win32
		{7C26D37F-D908-43C3-9791-8A015052F730}.Release|x86.Build.0 = Release|Win32
	EndGlobalSection
	GlobalSection(SolutionProperties) = preSolution
		HideSolutionNode = FALSE
	EndGlobalSection
	GlobalSection(ExtensibilityGlobals) = postSolution
		SolutionGuid = {80968366-7EA9-4D05-9198-B48C22A28002}
	EndGlobalSection
EndGlobal
